{
  "name": "@thavixt/uikit",
  "version": "0.4.1",
  "lockfileVersion": 3,
  "requires": true,
  "packages": {
    "": {
      "name": "@thavixt/uikit",
      "version": "0.4.1",
      "license": "MIT",
      "devDependencies": {},
      "peerDependencies": {
        "classnames": "^2.5.1",
        "react": "^19.0.0",
        "react-dom": "^19.0.0",
        "tailwindcss": "^4.0.8",
        "thavixt-scrollbar-react": "^1.6.1"
      }
    },
    "node_modules/classnames": {
      "version": "2.5.1",
      "resolved": "https://registry.npmjs.org/classnames/-/classnames-2.5.1.tgz",
      "integrity": "sha512-saHYOzhIQs6wy2sVxTM6bUDsQO4F50V9RQ22qBpEdCW+I+/Wmke2HOl6lS6dTpdxVhb88/I6+Hs+438c3lfUow==",
      "license": "MIT",
      "peer": true
    },
    "node_modules/react": {
      "version": "19.0.0",
      "resolved": "https://registry.npmjs.org/react/-/react-19.0.0.tgz",
      "integrity": "sha512-V8AVnmPIICiWpGfm6GLzCR/W5FXLchHop40W4nXBmdlEceh16rCN8O8LNWm5bh5XUX91fh7KpA+W0TgMKmgTpQ==",
      "license": "MIT",
      "peer": true,
      "engines": {
        "node": ">=0.10.0"
      }
    },
    "node_modules/react-dom": {
      "version": "19.0.0",
      "resolved": "https://registry.npmjs.org/react-dom/-/react-dom-19.0.0.tgz",
      "integrity": "sha512-4GV5sHFG0e/0AD4X+ySy6UJd3jVl1iNsNHdpad0qhABJ11twS3TTBnseqsKurKcsNqCEFeGL3uLpVChpIO3QfQ==",
      "license": "MIT",
      "peer": true,
      "dependencies": {
        "scheduler": "^0.25.0"
      },
      "peerDependencies": {
        "react": "^19.0.0"
      }
    },
    "node_modules/scheduler": {
      "version": "0.25.0",
      "resolved": "https://registry.npmjs.org/scheduler/-/scheduler-0.25.0.tgz",
      "integrity": "sha512-xFVuu11jh+xcO7JOAGJNOXld8/TcEHK/4CituBUeUb5hqxJLj9YuemAEuvm9gQ/+pgXYfbQuqAkiYu+u7YEsNA==",
      "license": "MIT",
      "peer": true
    },
    "node_modules/tailwindcss": {
      "version": "4.0.8",
      "resolved": "https://registry.npmjs.org/tailwindcss/-/tailwindcss-4.0.8.tgz",
      "integrity": "sha512-Me7N5CKR+D2A1xdWA5t5+kjjT7bwnxZOE6/yDI/ixJdJokszsn2n++mdU5yJwrsTpqFX2B9ZNMBJDwcqk9C9lw==",
      "license": "MIT",
      "peer": true
    },
    "node_modules/thavixt-scrollbar-core": {
      "version": "1.6.1",
      "resolved": "https://registry.npmjs.org/thavixt-scrollbar-core/-/thavixt-scrollbar-core-1.6.1.tgz",
      "integrity": "sha512-SAHESC9lnzsDpE2iSzYOx+mBJGwSyLBaVDYgoUbVlD/E1GWvs3Bknl1a7W+La7gS7FNeH0zdXRdBD+zCpb+scQ==",
      "license": "MIT",
      "peer": true
    },
    "node_modules/thavixt-scrollbar-react": {
      "version": "1.6.1",
      "resolved": "https://registry.npmjs.org/thavixt-scrollbar-react/-/thavixt-scrollbar-react-1.6.1.tgz",
      "integrity": "sha512-BQGgFxYu0y3LYLE5Rwph1yZmS+mQdFPVJc4mkajO6giwM7wZeKDMItMspKTExOEmWOGnX8wlH3UEtSNwMHpQMg==",
      "license": "MIT",
      "peer": true,
      "dependencies": {
        "thavixt-scrollbar-core": "^1.6.1"
      },
      "peerDependencies": {
        "react": "^19.0.0",
        "react-dom": "^19.0.0",
        "typescript": "~5.7.2"
      }
    },
    "node_modules/typescript": {
      "version": "5.7.3",
      "resolved": "https://registry.npmjs.org/typescript/-/typescript-5.7.3.tgz",
      "integrity": "sha512-84MVSjMEHP+FQRPy3pX9sTVV/INIex71s9TL2Gm5FG/WG1SqXeKyZ0k7/blY/4FdOzI12CBy1vGc4og/eus0fw==",
      "license": "Apache-2.0",
      "peer": true,
      "bin": {
        "tsc": "bin/tsc",
        "tsserver": "bin/tsserver"
      },
      "engines": {
        "node": ">=14.17"
      }
    }
  }
}